# THIS IS AN AUTOGENERATED FILE. DO NOT EDIT THIS FILE DIRECTLY.
# yarn lockfile v1


"@types/three@^0.133.0":
  version "0.133.0"
  resolved "https://registry.yarnpkg.com/@types/three/-/three-0.133.0.tgz#2e344ce10bc81dc89295b79a98c09932b3f0c294"
  integrity sha512-neDN9L64GK1fhT2raWXYIFvIr6ktM6XYgssfTh4zZp+XRgowD1qJ4/w79hLrLQ0w87u1E91ZfvHB0198wBsuHg==
